
Microsoft Visual Studio Solution File, Format Version 12.00
# Visual Studio Version 17
VisualStudioVersion = 17.7.34031.279
MinimumVisualStudioVersion = 10.0.40219.1
Project("{FAE04EC0-301F-11D3-BF4B-00C04F79EFBC}") = "third_assignment", "third_assignment\third_assignment.csproj", "{FE3F781B-8C3F-46C7-A413-F72448651A66}"
EndProject
Global
	GlobalSection(SolutionConfigurationPlatforms) = preSolution
		Debug|Any CPU = Debug|Any CPU
		Release|Any CPU = Release|Any CPU
	EndGlobalSection
	GlobalSection(ProjectConfigurationPlatforms) = postSolution
		{FE3F781B-8C3F-46C7-A413-F72448651A66}.Debug|Any CPU.ActiveCfg = Debug|Any CPU
		{FE3F781B-8C3F-46C7-A413-F72448651A66}.Debug|Any CPU.Build.0 = Debug|Any CPU
		{FE3F781B-8C3F-46C7-A413-F72448651A66}.Release|Any CPU.ActiveCfg = Release|Any CPU
		{FE3F781B-8C3F-46C7-A413-F72448651A66}.Release|Any CPU.Build.0 = Release|Any CPU
	EndGlobalSection
	GlobalSection(SolutionProperties) = preSolution
		HideSolutionNode = FALSE
	EndGlobalSection
	GlobalSection(ExtensibilityGlobals) = postSolution
		SolutionGuid = {B549FFFD-6FEF-4B7C-A1E3-8C7B438F6356}
	EndGlobalSection
EndGlobal
